
Microsoft Visual Studio Solution File, Format Version 12.00
# Visual Studio Version 16
VisualStudioVersion = 16.0.31005.135
MinimumVisualStudioVersion = 10.0.40219.1
Project("{FAE04EC0-301F-11D3-BF4B-00C04F79EFBC}") = "programa4-ejemplo memoria dinamica", "programa4-ejemplo memoria dinamica\programa4-ejemplo memoria dinamica.csproj", "{F3469C7E-6A70-4663-947C-B5C2FB7893D0}"
EndProject
Global
	GlobalSection(SolutionConfigurationPlatforms) = preSolution
		Debug|Any CPU = Debug|Any CPU
		Release|Any CPU = Release|Any CPU
	EndGlobalSection
	GlobalSection(ProjectConfigurationPlatforms) = postSolution
		{F3469C7E-6A70-4663-947C-B5C2FB7893D0}.Debug|Any CPU.ActiveCfg = Debug|Any CPU
		{F3469C7E-6A70-4663-947C-B5C2FB7893D0}.Debug|Any CPU.Build.0 = Debug|Any CPU
		{F3469C7E-6A70-4663-947C-B5C2FB7893D0}.Release|Any CPU.ActiveCfg = Release|Any CPU
		{F3469C7E-6A70-4663-947C-B5C2FB7893D0}.Release|Any CPU.Build.0 = Release|Any CPU
	EndGlobalSection
	GlobalSection(SolutionProperties) = preSolution
		HideSolutionNode = FALSE
	EndGlobalSection
	GlobalSection(ExtensibilityGlobals) = postSolution
		SolutionGuid = {487E32B9-4B2B-4ED3-B434-DFD7C6ADA12A}
	EndGlobalSection
EndGlobal
