
Microsoft Visual Studio Solution File, Format Version 12.00
# Visual Studio Version 16
VisualStudioVersion = 16.0.32510.428
MinimumVisualStudioVersion = 10.0.40219.1
Project("{FAE04EC0-301F-11D3-BF4B-00C04F79EFBC}") = "Codigo_QuickSort", "Codigo_QuickSort\Codigo_QuickSort.csproj", "{77EBB22D-2DA4-4D75-AD5E-89A7AC311A95}"
EndProject
Global
	GlobalSection(SolutionConfigurationPlatforms) = preSolution
		Debug|Any CPU = Debug|Any CPU
		Release|Any CPU = Release|Any CPU
	EndGlobalSection
	GlobalSection(ProjectConfigurationPlatforms) = postSolution
		{77EBB22D-2DA4-4D75-AD5E-89A7AC311A95}.Debug|Any CPU.ActiveCfg = Debug|Any CPU
		{77EBB22D-2DA4-4D75-AD5E-89A7AC311A95}.Debug|Any CPU.Build.0 = Debug|Any CPU
		{77EBB22D-2DA4-4D75-AD5E-89A7AC311A95}.Release|Any CPU.ActiveCfg = Release|Any CPU
		{77EBB22D-2DA4-4D75-AD5E-89A7AC311A95}.Release|Any CPU.Build.0 = Release|Any CPU
	EndGlobalSection
	GlobalSection(SolutionProperties) = preSolution
		HideSolutionNode = FALSE
	EndGlobalSection
	GlobalSection(ExtensibilityGlobals) = postSolution
		SolutionGuid = {C6F88258-B82A-4934-B1AD-A614338ED1C3}
	EndGlobalSection
EndGlobal
