
Microsoft Visual Studio Solution File, Format Version 12.00
# Visual Studio Version 16
VisualStudioVersion = 16.0.31005.135
MinimumVisualStudioVersion = 10.0.40219.1
Project("{FAE04EC0-301F-11D3-BF4B-00C04F79EFBC}") = "programa27-GrafoPonderado", "programa27-GrafoPonderado\programa27-GrafoPonderado.csproj", "{EC2FD734-28B6-47F1-9051-CA7DCF4DEA8C}"
EndProject
Global
	GlobalSection(SolutionConfigurationPlatforms) = preSolution
		Debug|Any CPU = Debug|Any CPU
		Release|Any CPU = Release|Any CPU
	EndGlobalSection
	GlobalSection(ProjectConfigurationPlatforms) = postSolution
		{EC2FD734-28B6-47F1-9051-CA7DCF4DEA8C}.Debug|Any CPU.ActiveCfg = Debug|Any CPU
		{EC2FD734-28B6-47F1-9051-CA7DCF4DEA8C}.Debug|Any CPU.Build.0 = Debug|Any CPU
		{EC2FD734-28B6-47F1-9051-CA7DCF4DEA8C}.Release|Any CPU.ActiveCfg = Release|Any CPU
		{EC2FD734-28B6-47F1-9051-CA7DCF4DEA8C}.Release|Any CPU.Build.0 = Release|Any CPU
	EndGlobalSection
	GlobalSection(SolutionProperties) = preSolution
		HideSolutionNode = FALSE
	EndGlobalSection
	GlobalSection(ExtensibilityGlobals) = postSolution
		SolutionGuid = {2DB719D5-7BEE-4FF7-B338-4DA155531FB3}
	EndGlobalSection
EndGlobal
