
Microsoft Visual Studio Solution File, Format Version 12.00
# Visual Studio Version 16
VisualStudioVersion = 16.0.31624.102
MinimumVisualStudioVersion = 10.0.40219.1
Project("{FAE04EC0-301F-11D3-BF4B-00C04F79EFBC}") = "programa19-Lista Enlazada numeros flotantes", "programa19-Lista Enlazada numeros flotantes\programa19-Lista Enlazada numeros flotantes.csproj", "{0CCFB03F-B61E-4712-B5B2-5B2550585757}"
EndProject
Global
	GlobalSection(SolutionConfigurationPlatforms) = preSolution
		Debug|Any CPU = Debug|Any CPU
		Release|Any CPU = Release|Any CPU
	EndGlobalSection
	GlobalSection(ProjectConfigurationPlatforms) = postSolution
		{0CCFB03F-B61E-4712-B5B2-5B2550585757}.Debug|Any CPU.ActiveCfg = Debug|Any CPU
		{0CCFB03F-B61E-4712-B5B2-5B2550585757}.Debug|Any CPU.Build.0 = Debug|Any CPU
		{0CCFB03F-B61E-4712-B5B2-5B2550585757}.Release|Any CPU.ActiveCfg = Release|Any CPU
		{0CCFB03F-B61E-4712-B5B2-5B2550585757}.Release|Any CPU.Build.0 = Release|Any CPU
	EndGlobalSection
	GlobalSection(SolutionProperties) = preSolution
		HideSolutionNode = FALSE
	EndGlobalSection
	GlobalSection(ExtensibilityGlobals) = postSolution
		SolutionGuid = {C83FBBCB-89AA-4128-A90B-769F6174E594}
	EndGlobalSection
EndGlobal
