
Microsoft Visual Studio Solution File, Format Version 12.00
# Visual Studio Version 17
VisualStudioVersion = 17.1.32228.430
MinimumVisualStudioVersion = 10.0.40219.1
Project("{FAE04EC0-301F-11D3-BF4B-00C04F79EFBC}") = "Busqueda Binaria (Verano)", "Busqueda Binaria (Verano).csproj", "{2F99D8F8-0048-4312-A1EB-AC264799EFD5}"
EndProject
Global
	GlobalSection(SolutionConfigurationPlatforms) = preSolution
		Debug|Any CPU = Debug|Any CPU
		Release|Any CPU = Release|Any CPU
	EndGlobalSection
	GlobalSection(ProjectConfigurationPlatforms) = postSolution
		{2F99D8F8-0048-4312-A1EB-AC264799EFD5}.Debug|Any CPU.ActiveCfg = Debug|Any CPU
		{2F99D8F8-0048-4312-A1EB-AC264799EFD5}.Debug|Any CPU.Build.0 = Debug|Any CPU
		{2F99D8F8-0048-4312-A1EB-AC264799EFD5}.Release|Any CPU.ActiveCfg = Release|Any CPU
		{2F99D8F8-0048-4312-A1EB-AC264799EFD5}.Release|Any CPU.Build.0 = Release|Any CPU
	EndGlobalSection
	GlobalSection(SolutionProperties) = preSolution
		HideSolutionNode = FALSE
	EndGlobalSection
	GlobalSection(ExtensibilityGlobals) = postSolution
		SolutionGuid = {C5080C79-80CD-4579-A193-14F3AAC7B760}
	EndGlobalSection
EndGlobal
