
Microsoft Visual Studio Solution File, Format Version 12.00
# Visual Studio Version 16
VisualStudioVersion = 16.0.31005.135
MinimumVisualStudioVersion = 10.0.40219.1
Project("{FAE04EC0-301F-11D3-BF4B-00C04F79EFBC}") = "programa23-Árbol Binario de Numeros Flotantes", "programa23-Árbol Binario de Numeros Flotantes.\programa23-Árbol Binario de Numeros Flotantes.csproj", "{73AAD8C9-77D5-4970-84DF-BDE5B03E50AF}"
EndProject
Global
	GlobalSection(SolutionConfigurationPlatforms) = preSolution
		Debug|Any CPU = Debug|Any CPU
		Release|Any CPU = Release|Any CPU
	EndGlobalSection
	GlobalSection(ProjectConfigurationPlatforms) = postSolution
		{73AAD8C9-77D5-4970-84DF-BDE5B03E50AF}.Debug|Any CPU.ActiveCfg = Debug|Any CPU
		{73AAD8C9-77D5-4970-84DF-BDE5B03E50AF}.Debug|Any CPU.Build.0 = Debug|Any CPU
		{73AAD8C9-77D5-4970-84DF-BDE5B03E50AF}.Release|Any CPU.ActiveCfg = Release|Any CPU
		{73AAD8C9-77D5-4970-84DF-BDE5B03E50AF}.Release|Any CPU.Build.0 = Release|Any CPU
	EndGlobalSection
	GlobalSection(SolutionProperties) = preSolution
		HideSolutionNode = FALSE
	EndGlobalSection
	GlobalSection(ExtensibilityGlobals) = postSolution
		SolutionGuid = {A75B2D26-C14B-4A5B-B021-E759E0D42EE6}
	EndGlobalSection
EndGlobal
