
Microsoft Visual Studio Solution File, Format Version 12.00
# Visual Studio Version 16
VisualStudioVersion = 16.0.31005.135
MinimumVisualStudioVersion = 10.0.40219.1
Project("{FAE04EC0-301F-11D3-BF4B-00C04F79EFBC}") = "programa47- Búsqueda Binaria NDC", "programa47- Búsqueda Binaria NDC\programa47- Búsqueda Binaria NDC.csproj", "{324B812C-A326-45EA-A182-09D496EE8810}"
EndProject
Global
	GlobalSection(SolutionConfigurationPlatforms) = preSolution
		Debug|Any CPU = Debug|Any CPU
		Release|Any CPU = Release|Any CPU
	EndGlobalSection
	GlobalSection(ProjectConfigurationPlatforms) = postSolution
		{324B812C-A326-45EA-A182-09D496EE8810}.Debug|Any CPU.ActiveCfg = Debug|Any CPU
		{324B812C-A326-45EA-A182-09D496EE8810}.Debug|Any CPU.Build.0 = Debug|Any CPU
		{324B812C-A326-45EA-A182-09D496EE8810}.Release|Any CPU.ActiveCfg = Release|Any CPU
		{324B812C-A326-45EA-A182-09D496EE8810}.Release|Any CPU.Build.0 = Release|Any CPU
	EndGlobalSection
	GlobalSection(SolutionProperties) = preSolution
		HideSolutionNode = FALSE
	EndGlobalSection
	GlobalSection(ExtensibilityGlobals) = postSolution
		SolutionGuid = {14022AE8-312E-4DDB-8AF4-53E1E6317BA0}
	EndGlobalSection
EndGlobal
