
Microsoft Visual Studio Solution File, Format Version 12.00
# Visual Studio Version 16
VisualStudioVersion = 16.0.31005.135
MinimumVisualStudioVersion = 10.0.40219.1
Project("{FAE04EC0-301F-11D3-BF4B-00C04F79EFBC}") = "programa31-Burbuja Estados de México", "programa31-Burbuja Estados de México\programa31-Burbuja Estados de México.csproj", "{282C1293-FD06-47D4-B11E-6AF131271719}"
EndProject
Global
	GlobalSection(SolutionConfigurationPlatforms) = preSolution
		Debug|Any CPU = Debug|Any CPU
		Release|Any CPU = Release|Any CPU
	EndGlobalSection
	GlobalSection(ProjectConfigurationPlatforms) = postSolution
		{282C1293-FD06-47D4-B11E-6AF131271719}.Debug|Any CPU.ActiveCfg = Debug|Any CPU
		{282C1293-FD06-47D4-B11E-6AF131271719}.Debug|Any CPU.Build.0 = Debug|Any CPU
		{282C1293-FD06-47D4-B11E-6AF131271719}.Release|Any CPU.ActiveCfg = Release|Any CPU
		{282C1293-FD06-47D4-B11E-6AF131271719}.Release|Any CPU.Build.0 = Release|Any CPU
	EndGlobalSection
	GlobalSection(SolutionProperties) = preSolution
		HideSolutionNode = FALSE
	EndGlobalSection
	GlobalSection(ExtensibilityGlobals) = postSolution
		SolutionGuid = {326B4FA6-4D7F-4A9D-B959-8B0292950FB3}
	EndGlobalSection
EndGlobal
