
Microsoft Visual Studio Solution File, Format Version 12.00
# Visual Studio Version 16
VisualStudioVersion = 16.0.31005.135
MinimumVisualStudioVersion = 10.0.40219.1
Project("{FAE04EC0-301F-11D3-BF4B-00C04F79EFBC}") = "programa10-secuencia fibonacci", "programa10-secuencia fibonacci\programa10-secuencia fibonacci.csproj", "{91E1A492-2CA1-483F-8D0A-85E4CDC67E46}"
EndProject
Global
	GlobalSection(SolutionConfigurationPlatforms) = preSolution
		Debug|Any CPU = Debug|Any CPU
		Release|Any CPU = Release|Any CPU
	EndGlobalSection
	GlobalSection(ProjectConfigurationPlatforms) = postSolution
		{91E1A492-2CA1-483F-8D0A-85E4CDC67E46}.Debug|Any CPU.ActiveCfg = Debug|Any CPU
		{91E1A492-2CA1-483F-8D0A-85E4CDC67E46}.Debug|Any CPU.Build.0 = Debug|Any CPU
		{91E1A492-2CA1-483F-8D0A-85E4CDC67E46}.Release|Any CPU.ActiveCfg = Release|Any CPU
		{91E1A492-2CA1-483F-8D0A-85E4CDC67E46}.Release|Any CPU.Build.0 = Release|Any CPU
	EndGlobalSection
	GlobalSection(SolutionProperties) = preSolution
		HideSolutionNode = FALSE
	EndGlobalSection
	GlobalSection(ExtensibilityGlobals) = postSolution
		SolutionGuid = {2CC2B675-3886-444F-BB6F-1B66E7F4C659}
	EndGlobalSection
EndGlobal
