
Microsoft Visual Studio Solution File, Format Version 12.00
# Visual Studio Version 16
VisualStudioVersion = 16.0.31005.135
MinimumVisualStudioVersion = 10.0.40219.1
Project("{FAE04EC0-301F-11D3-BF4B-00C04F79EFBC}") = "programa8-ejemplo recursividad", "programa8-ejemplo recursividad\programa8-ejemplo recursividad.csproj", "{81A31E70-40D4-4FE7-9AB4-21B319B88335}"
EndProject
Global
	GlobalSection(SolutionConfigurationPlatforms) = preSolution
		Debug|Any CPU = Debug|Any CPU
		Release|Any CPU = Release|Any CPU
	EndGlobalSection
	GlobalSection(ProjectConfigurationPlatforms) = postSolution
		{81A31E70-40D4-4FE7-9AB4-21B319B88335}.Debug|Any CPU.ActiveCfg = Debug|Any CPU
		{81A31E70-40D4-4FE7-9AB4-21B319B88335}.Debug|Any CPU.Build.0 = Debug|Any CPU
		{81A31E70-40D4-4FE7-9AB4-21B319B88335}.Release|Any CPU.ActiveCfg = Release|Any CPU
		{81A31E70-40D4-4FE7-9AB4-21B319B88335}.Release|Any CPU.Build.0 = Release|Any CPU
	EndGlobalSection
	GlobalSection(SolutionProperties) = preSolution
		HideSolutionNode = FALSE
	EndGlobalSection
	GlobalSection(ExtensibilityGlobals) = postSolution
		SolutionGuid = {0B686651-7B77-4456-8C5B-AD4FC84BD447}
	EndGlobalSection
EndGlobal
